
Microsoft Visual Studio Solution File, Format Version 12.00
# Visual Studio 15
VisualStudioVersion = 15.0.28307.1022
MinimumVisualStudioVersion = 10.0.40219.1
Project("{8BC9CEB8-8B4A-11D0-8D11-00A0C91BC942}") = "simple_linear_regression", "simple_linear_regression.vcxproj", "{8CAB9D36-4FE1-4CC2-AF6D-611C5CA12BBA}"
EndProject
Global
	GlobalSection(SolutionConfigurationPlatforms) = preSolution
		Debug|x64 = Debug|x64
		Debug|x86 = Debug|x86
		Release|x64 = Release|x64
		Release|x86 = Release|x86
	EndGlobalSection
	GlobalSection(ProjectConfigurationPlatforms) = postSolution
		{8CAB9D36-4FE1-4CC2-AF6D-611C5CA12BBA}.Debug|x64.ActiveCfg = Debug|x64
		{8CAB9D36-4FE1-4CC2-AF6D-611C5CA12BBA}.Debug|x64.Build.0 = Debug|x64
		{8CAB9D36-4FE1-4CC2-AF6D-611C5CA12BBA}.Debug|x86.ActiveCfg = Debug|Win32
		{8CAB9D36-4FE1-4CC2-AF6D-611C5CA12BBA}.Debug|x86.Build.0 = Debug|Win32
		{8CAB9D36-4FE1-4CC2-AF6D-611C5CA12BBA}.Release|x64.ActiveCfg = Release|x64
		{8CAB9D36-4FE1-4CC2-AF6D-611C5CA12BBA}.Release|x64.Build.0 = Release|x64
		{8CAB9D36-4FE1-4CC2-AF6D-611C5CA12BBA}.Release|x86.ActiveCfg = Release|Win32
		{8CAB9D36-4FE1-4CC2-AF6D-611C5CA12BBA}.Release|x86.Build.0 = Release|Win32
	EndGlobalSection
	GlobalSection(SolutionProperties) = preSolution
		HideSolutionNode = FALSE
	EndGlobalSection
	GlobalSection(ExtensibilityGlobals) = postSolution
		SolutionGuid = {134A8B3E-6637-4012-B543-610B53AF3DC4}
	EndGlobalSection
EndGlobal
